
Microsoft Visual Studio Solution File, Format Version 12.00
# Visual Studio Version 17
VisualStudioVersion = 17.8.34511.84
MinimumVisualStudioVersion = 10.0.40219.1
Project("{FAE04EC0-301F-11D3-BF4B-00C04F79EFBC}") = "asp", "asp\asp.csproj", "{CFF863B8-C5B1-4AE5-9AC9-FFDAAE9CB32B}"
EndProject
Project("{FAE04EC0-301F-11D3-BF4B-00C04F79EFBC}") = "WpfApp2", "WpfApp2\WpfApp2.csproj", "{EACEAACB-70EA-400E-B83E-B96488AECD04}"
EndProject
Global
	GlobalSection(SolutionConfigurationPlatforms) = preSolution
		Debug|Any CPU = Debug|Any CPU
		Release|Any CPU = Release|Any CPU
	EndGlobalSection
	GlobalSection(ProjectConfigurationPlatforms) = postSolution
		{CFF863B8-C5B1-4AE5-9AC9-FFDAAE9CB32B}.Debug|Any CPU.ActiveCfg = Debug|Any CPU
		{CFF863B8-C5B1-4AE5-9AC9-FFDAAE9CB32B}.Debug|Any CPU.Build.0 = Debug|Any CPU
		{CFF863B8-C5B1-4AE5-9AC9-FFDAAE9CB32B}.Release|Any CPU.ActiveCfg = Release|Any CPU
		{CFF863B8-C5B1-4AE5-9AC9-FFDAAE9CB32B}.Release|Any CPU.Build.0 = Release|Any CPU
		{EACEAACB-70EA-400E-B83E-B96488AECD04}.Debug|Any CPU.ActiveCfg = Debug|Any CPU
		{EACEAACB-70EA-400E-B83E-B96488AECD04}.Debug|Any CPU.Build.0 = Debug|Any CPU
		{EACEAACB-70EA-400E-B83E-B96488AECD04}.Release|Any CPU.ActiveCfg = Release|Any CPU
		{EACEAACB-70EA-400E-B83E-B96488AECD04}.Release|Any CPU.Build.0 = Release|Any CPU
	EndGlobalSection
	GlobalSection(SolutionProperties) = preSolution
		HideSolutionNode = FALSE
	EndGlobalSection
	GlobalSection(ExtensibilityGlobals) = postSolution
		SolutionGuid = {E1F1DD28-5D6B-409A-9BD0-9410995EF2B0}
	EndGlobalSection
EndGlobal
